
Microsoft Visual Studio Solution File, Format Version 12.00
# Visual Studio Version 16
VisualStudioVersion = 25.0.1706.4
MinimumVisualStudioVersion = 10.0.40219.1
Project("{FAE04EC0-301F-11D3-BF4B-00C04F79EFBC}") = "Pr_3", "Pr_3\Pr_3.csproj", "{9618ED06-D191-42D6-BCBF-E8A796F7511C}"
EndProject
Global
	GlobalSection(SolutionConfigurationPlatforms) = preSolution
		Debug|Any CPU = Debug|Any CPU
		Release|Any CPU = Release|Any CPU
	EndGlobalSection
	GlobalSection(ProjectConfigurationPlatforms) = postSolution
		{9618ED06-D191-42D6-BCBF-E8A796F7511C}.Debug|Any CPU.ActiveCfg = Debug|Any CPU
		{9618ED06-D191-42D6-BCBF-E8A796F7511C}.Debug|Any CPU.Build.0 = Debug|Any CPU
		{9618ED06-D191-42D6-BCBF-E8A796F7511C}.Release|Any CPU.ActiveCfg = Release|Any CPU
		{9618ED06-D191-42D6-BCBF-E8A796F7511C}.Release|Any CPU.Build.0 = Release|Any CPU
	EndGlobalSection
	GlobalSection(SolutionProperties) = preSolution
		HideSolutionNode = FALSE
	EndGlobalSection
	GlobalSection(ExtensibilityGlobals) = postSolution
		SolutionGuid = {DB6B27E3-C943-4015-86F8-8502861C781C}
	EndGlobalSection
EndGlobal
